// !$*UTF8*$!
{
	archiveVersion = 1;
	classes = {
	};
	objectVersion = 56;
	objects = {

/* Begin PBXBuildFile section */
		09FCA9362B77D90500DA5B92 /* AppDelegate.swift in Sources */ = {isa = PBXBuildFile; fileRef = 09FCA9352B77D90500DA5B92 /* AppDelegate.swift */; };
		09FCA9382B77D90500DA5B92 /* SceneDelegate.swift in Sources */ = {isa = PBXBuildFile; fileRef = 09FCA9372B77D90500DA5B92 /* SceneDelegate.swift */; };
		09FCA93A2B77D90500DA5B92 /* ViewController.swift in Sources */ = {isa = PBXBuildFile; fileRef = 09FCA9392B77D90500DA5B92 /* ViewController.swift */; };
		09FCA93D2B77D90500DA5B92 /* Main.storyboard in Resources */ = {isa = PBXBuildFile; fileRef = 09FCA93B2B77D90500DA5B92 /* Main.storyboard */; };
		09FCA93F2B77D90B00DA5B92 /* Assets.xcassets in Resources */ = {isa = PBXBuildFile; fileRef = 09FCA93E2B77D90B00DA5B92 /* Assets.xcassets */; };
		09FCA9422B77D90B00DA5B92 /* LaunchScreen.storyboard in Resources */ = {isa = PBXBuildFile; fileRef = 09FCA9402B77D90B00DA5B92 /* LaunchScreen.storyboard */; };
		09FCA94D2B77D90B00DA5B92 /* GitHubPushDemoTests.swift in Sources */ = {isa = PBXBuildFile; fileRef = 09FCA94C2B77D90B00DA5B92 /* GitHubPushDemoTests.swift */; };
		09FCA9572B77D90B00DA5B92 /* GitHubPushDemoUITests.swift in Sources */ = {isa = PBXBuildFile; fileRef = 09FCA9562B77D90B00DA5B92 /* GitHubPushDemoUITests.swift */; };
		09FCA9592B77D90B00DA5B92 /* GitHubPushDemoUITestsLaunchTests.swift in Sources */ = {isa = PBXBuildFile; fileRef = 09FCA9582B77D90B00DA5B92 /* GitHubPushDemoUITestsLaunchTests.swift */; };
/* End PBXBuildFile section */

/* Begin PBXContainerItemProxy section */
		09FCA9492B77D90B00DA5B92 /* PBXContainerItemProxy */ = {
			isa = PBXContainerItemProxy;
			containerPortal = 09FCA92A2B77D90500DA5B92 /* Project object */;
			proxyType = 1;
			remoteGlobalIDString = 09FCA9312B77D90500DA5B92;
			remoteInfo = GitHubPushDemo;
		};
		09FCA9532B77D90B00DA5B92 /* PBXContainerItemProxy */ = {
			isa = PBXContainerItemProxy;
			containerPortal = 09FCA92A2B77D90500DA5B92 /* Project object */;
			proxyType = 1;
			remoteGlobalIDString = 09FCA9312B77D90500DA5B92;
			remoteInfo = GitHubPushDemo;
		};
/* End PBXContainerItemProxy section */

/* Begin PBXFileReference section */
		09FCA9322B77D90500DA5B92 /* GitHubPushDemo.app */ = {isa = PBXFileReference; explicitFileType = wrapper.application; includeInIndex = 0; path = GitHubPushDemo.app; sourceTree = BUILT_PRODUCTS_DIR; };
		09FCA9352B77D90500DA5B92 /* AppDelegate.swift */ = {isa = PBXFileReference; lastKnownFileType = sourcecode.swift; path = AppDelegate.swift; sourceTree = "<group>"; };
		09FCA9372B77D90500DA5B92 /* SceneDelegate.swift */ = {isa = PBXFileReference; lastKnownFileType = sourcecode.swift; path = SceneDelegate.swift; sourceTree = "<group>"; };
		09FCA9392B77D90500DA5B92 /* ViewController.swift */ = {isa = PBXFileReference; lastKnownFileType = sourcecode.swift; path = ViewController.swift; sourceTree = "<group>"; };
		09FCA93C2B77D90500DA5B92 /* Base */ = {isa = PBXFileReference; lastKnownFileType = file.storyboard; name = Base; path = Base.lproj/Main.storyboard; sourceTree = "<group>"; };
		09FCA93E2B77D90B00DA5B92 /* Assets.xcassets */ = {isa = PBXFileReference; lastKnownFileType = folder.assetcatalog; path = Assets.xcassets; sourceTree = "<group>"; };
		09FCA9412B77D90B00DA5B92 /* Base */ = {isa = PBXFileReference; lastKnownFileType = file.storyboard; name = Base; path = Base.lproj/LaunchScreen.storyboard; sourceTree = "<group>"; };
		09FCA9432B77D90B00DA5B92 /* Info.plist */ = {isa = PBXFileReference; lastKnownFileType = text.plist.xml; path = Info.plist; sourceTree = "<group>"; };
		09FCA9482B77D90B00DA5B92 /* GitHubPushDemoTests.xctest */ = {isa = PBXFileReference; explicitFileType = wrapper.cfbundle; includeInIndex = 0; path = GitHubPushDemoTests.xctest; sourceTree = BUILT_PRODUCTS_DIR; };
		09FCA94C2B77D90B00DA5B92 /* GitHubPushDemoTests.swift */ = {isa = PBXFileReference; lastKnownFileType = sourcecode.swift; path = GitHubPushDemoTests.swift; sourceTree = "<group>"; };
		09FCA9522B77D90B00DA5B92 /* GitHubPushDemoUITests.xctest */ = {isa = PBXFileReference; explicitFileType = wrapper.cfbundle; includeInIndex = 0; path = GitHubPushDemoUITests.xctest; sourceTree = BUILT_PRODUCTS_DIR; };
		09FCA9562B77D90B00DA5B92 /* GitHubPushDemoUITests.swift */ = {isa = PBXFileReference; lastKnownFileType = sourcecode.swift; path = GitHubPushDemoUITests.swift; sourceTree = "<group>"; };
		09FCA9582B77D90B00DA5B92 /* GitHubPushDemoUITestsLaunchTests.swift */ = {isa = PBXFileReference; lastKnownFileType = sourcecode.swift; path = GitHubPushDemoUITestsLaunchTests.swift; sourceTree = "<group>"; };
/* End PBXFileReference section */

/* Begin PBXFrameworksBuildPhase section */
		09FCA92F2B77D90500DA5B92 /* Frameworks */ = {
			isa = PBXFrameworksBuildPhase;
			buildActionMask = 2147483647;
			files = (
			);
			runOnlyForDeploymentPostprocessing = 0;
		};
		09FCA9452B77D90B00DA5B92 /* Frameworks */ = {
			isa = PBXFrameworksBuildPhase;
			buildActionMask = 2147483647;
			files = (
			);
			runOnlyForDeploymentPostprocessing = 0;
		};
		09FCA94F2B77D90B00DA5B92 /* Frameworks */ = {
			isa = PBXFrameworksBuildPhase;
			buildActionMask = 2147483647;
			files = (
			);
			runOnlyForDeploymentPostprocessing = 0;
		};
/* End PBXFrameworksBuildPhase section */

/* Begin PBXGroup section */
		09FCA9292B77D90500DA5B92 = {
			isa = PBXGroup;
			children = (
				09FCA9342B77D90500DA5B92 /* GitHubPushDemo */,
				09FCA94B2B77D90B00DA5B92 /* GitHubPushDemoTests */,
				09FCA9552B77D90B00DA5B92 /* GitHubPushDemoUITests */,
				09FCA9332B77D90500DA5B92 /* Products */,
			);
			sourceTree = "<group>";
		};
		09FCA9332B77D90500DA5B92 /* Products */ = {
			isa = PBXGroup;
			children = (
				09FCA9322B77D90500DA5B92 /* GitHubPushDemo.app */,
				09FCA9482B77D90B00DA5B92 /* GitHubPushDemoTests.xctest */,
				09FCA9522B77D90B00DA5B92 /* GitHubPushDemoUITests.xctest */,
			);
			name = Products;
			sourceTree = "<group>";
		};
		09FCA9342B77D90500DA5B92 /* GitHubPushDemo */ = {
			isa = PBXGroup;
			children = (
				09FCA9352B77D90500DA5B92 /* AppDelegate.swift */,
				09FCA9372B77D90500DA5B92 /* SceneDelegate.swift */,
				09FCA9392B77D90500DA5B92 /* ViewController.swift */,
				09FCA93B2B77D90500DA5B92 /* Main.storyboard */,
				09FCA93E2B77D90B00DA5B92 /* Assets.xcassets */,
				09FCA9402B77D90B00DA5B92 /* LaunchScreen.storyboard */,
				09FCA9432B77D90B00DA5B92 /* Info.plist */,
			);
			path = GitHubPushDemo;
			sourceTree = "<group>";
		};
		09FCA94B2B77D90B00DA5B92 /* GitHubPushDemoTests */ = {
			isa = PBXGroup;
			children = (
				09FCA94C2B77D90B00DA5B92 /* GitHubPushDemoTests.swift */,
			);
			path = GitHubPushDemoTests;
			sourceTree = "<group>";
		};
		09FCA9552B77D90B00DA5B92 /* GitHubPushDemoUITests */ = {
			isa = PBXGroup;
			children = (
				09FCA9562B77D90B00DA5B92 /* GitHubPushDemoUITests.swift */,
				09FCA9582B77D90B00DA5B92 /* GitHubPushDemoUITestsLaunchTests.swift */,
			);
			path = GitHubPushDemoUITests;
			sourceTree = "<group>";
		};
/* End PBXGroup section */

/* Begin PBXNativeTarget section */
		09FCA9312B77D90500DA5B92 /* GitHubPushDemo */ = {
			isa = PBXNativeTarget;
			buildConfigurationList = 09FCA95C2B77D90B00DA5B92 /* Build configuration list for PBXNativeTarget "GitHubPushDemo" */;
			buildPhases = (
				09FCA92E2B77D90500DA5B92 /* Sources */,
				09FCA92F2B77D90500DA5B92 /* Frameworks */,
				09FCA9302B77D90500DA5B92 /* Resources */,
			);
			buildRules = (
			);
			dependencies = (
			);
			name = GitHubPushDemo;
			productName = GitHubPushDemo;
			productReference = 09FCA9322B77D90500DA5B92 /* GitHubPushDemo.app */;
			productType = "com.apple.product-type.application";
		};
		09FCA9472B77D90B00DA5B92 /* GitHubPushDemoTests */ = {
			isa = PBXNativeTarget;
			buildConfigurationList = 09FCA95F2B77D90B00DA5B92 /* Build configuration list for PBXNativeTarget "GitHubPushDemoTests" */;
			buildPhases = (
				09FCA9442B77D90B00DA5B92 /* Sources */,
				09FCA9452B77D90B00DA5B92 /* Frameworks */,
				09FCA9462B77D90B00DA5B92 /* Resources */,
			);
			buildRules = (
			);
			dependencies = (
				09FCA94A2B77D90B00DA5B92 /* PBXTargetDependency */,
			);
			name = GitHubPushDemoTests;
			productName = GitHubPushDemoTests;
			productReference = 09FCA9482B77D90B00DA5B92 /* GitHubPushDemoTests.xctest */;
			productType = "com.apple.product-type.bundle.unit-test";
		};
		09FCA9512B77D90B00DA5B92 /* GitHubPushDemoUITests */ = {
			isa = PBXNativeTarget;
			buildConfigurationList = 09FCA9622B77D90B00DA5B92 /* Build configuration list for PBXNativeTarget "GitHubPushDemoUITests" */;
			buildPhases = (
				09FCA94E2B77D90B00DA5B92 /* Sources */,
				09FCA94F2B77D90B00DA5B92 /* Frameworks */,
				09FCA9502B77D90B00DA5B92 /* Resources */,
			);
			buildRules = (
			);
			dependencies = (
				09FCA9542B77D90B00DA5B92 /* PBXTargetDependency */,
			);
			name = GitHubPushDemoUITests;
			productName = GitHubPushDemoUITests;
			productReference = 09FCA9522B77D90B00DA5B92 /* GitHubPushDemoUITests.xctest */;
			productType = "com.apple.product-type.bundle.ui-testing";
		};
/* End PBXNativeTarget section */

/* Begin PBXProject section */
		09FCA92A2B77D90500DA5B92 /* Project object */ = {
			isa = PBXProject;
			attributes = {
				BuildIndependentTargetsInParallel = 1;
				LastSwiftUpdateCheck = 1500;
				LastUpgradeCheck = 1500;
				TargetAttributes = {
					09FCA9312B77D90500DA5B92 = {
						CreatedOnToolsVersion = 15.0.1;
					};
					09FCA9472B77D90B00DA5B92 = {
						CreatedOnToolsVersion = 15.0.1;
						TestTargetID = 09FCA9312B77D90500DA5B92;
					};
					09FCA9512B77D90B00DA5B92 = {
						CreatedOnToolsVersion = 15.0.1;
						TestTargetID = 09FCA9312B77D90500DA5B92;
					};
				};
			};
			buildConfigurationList = 09FCA92D2B77D90500DA5B92 /* Build configuration list for PBXProject "GitHubPushDemo" */;
			compatibilityVersion = "Xcode 14.0";
			developmentRegion = en;
			hasScannedForEncodings = 0;
			knownRegions = (
				en,
				Base,
			);
			mainGroup = 09FCA9292B77D90500DA5B92;
			productRefGroup = 09FCA9332B77D90500DA5B92 /* Products */;
			projectDirPath = "";
			projectRoot = "";
			targets = (
				09FCA9312B77D90500DA5B92 /* GitHubPushDemo */,
				09FCA9472B77D90B00DA5B92 /* GitHubPushDemoTests */,
				09FCA9512B77D90B00DA5B92 /* GitHubPushDemoUITests */,
			);
		};
/* End PBXProject section */

/* Begin PBXResourcesBuildPhase section */
		09FCA9302B77D90500DA5B92 /* Resources */ = {
			isa = PBXResourcesBuildPhase;
			buildActionMask = 2147483647;
			files = (
				09FCA9422B77D90B00DA5B92 /* LaunchScreen.storyboard in Resources */,
				09FCA93F2B77D90B00DA5B92 /* Assets.xcassets in Resources */,
				09FCA93D2B77D90500DA5B92 /* Main.storyboard in Resources */,
			);
			runOnlyForDeploymentPostprocessing = 0;
		};
		09FCA9462B77D90B00DA5B92 /* Resources */ = {
			isa = PBXResourcesBuildPhase;
			buildActionMask = 2147483647;
			files = (
			);
			runOnlyForDeploymentPostprocessing = 0;
		};
		09FCA9502B77D90B00DA5B92 /* Resources */ = {
			isa = PBXResourcesBuildPhase;
			buildActionMask = 2147483647;
			files = (
			);
			runOnlyForDeploymentPostprocessing = 0;
		};
/* End PBXResourcesBuildPhase section */

/* Begin PBXSourcesBuildPhase section */
		09FCA92E2B77D90500DA5B92 /* Sources */ = {
			isa = PBXSourcesBuildPhase;
			buildActionMask = 2147483647;
			files = (
				09FCA93A2B77D90500DA5B92 /* ViewController.swift in Sources */,
				09FCA9362B77D90500DA5B92 /* AppDelegate.swift in Sources */,
				09FCA9382B77D90500DA5B92 /* SceneDelegate.swift in Sources */,
			);
			runOnlyForDeploymentPostprocessing = 0;
		};
		09FCA9442B77D90B00DA5B92 /* Sources */ = {
			isa = PBXSourcesBuildPhase;
			buildActionMask = 2147483647;
			files = (
				09FCA94D2B77D90B00DA5B92 /* GitHubPushDemoTests.swift in Sources */,
			);
			runOnlyForDeploymentPostprocessing = 0;
		};
		09FCA94E2B77D90B00DA5B92 /* Sources */ = {
			isa = PBXSourcesBuildPhase;
			buildActionMask = 2147483647;
			files = (
				09FCA9592B77D90B00DA5B92 /* GitHubPushDemoUITestsLaunchTests.swift in Sources */,
				09FCA9572B77D90B00DA5B92 /* GitHubPushDemoUITests.swift in Sources */,
			);
			runOnlyForDeploymentPostprocessing = 0;
		};
/* End PBXSourcesBuildPhase section */

/* Begin PBXTargetDependency section */
		09FCA94A2B77D90B00DA5B92 /* PBXTargetDependency */ = {
			isa = PBXTargetDependency;
			target = 09FCA9312B77D90500DA5B92 /* GitHubPushDemo */;
			targetProxy = 09FCA9492B77D90B00DA5B92 /* PBXContainerItemProxy */;
		};
		09FCA9542B77D90B00DA5B92 /* PBXTargetDependency */ = {
			isa = PBXTargetDependency;
			target = 09FCA9312B77D90500DA5B92 /* GitHubPushDemo */;
			targetProxy = 09FCA9532B77D90B00DA5B92 /* PBXContainerItemProxy */;
		};
/* End PBXTargetDependency section */

/* Begin PBXVariantGroup section */
		09FCA93B2B77D90500DA5B92 /* Main.storyboard */ = {
			isa = PBXVariantGroup;
			children = (
				09FCA93C2B77D90500DA5B92 /* Base */,
			);
			name = Main.storyboard;
			sourceTree = "<group>";
		};
		09FCA9402B77D90B00DA5B92 /* LaunchScreen.storyboard */ = {
			isa = PBXVariantGroup;
			children = (
				09FCA9412B77D90B00DA5B92 /* Base */,
			);
			name = LaunchScreen.storyboard;
			sourceTree = "<group>";
		};
/* End PBXVariantGroup section */

/* Begin XCBuildConfiguration section */
		09FCA95A2B77D90B00DA5B92 /* Debug */ = {
			isa = XCBuildConfiguration;
			buildSettings = {
				ALWAYS_SEARCH_USER_PATHS = NO;
				ASSETCATALOG_COMPILER_GENERATE_SWIFT_ASSET_SYMBOL_EXTENSIONS = YES;
				CLANG_ANALYZER_NONNULL = YES;
				CLANG_ANALYZER_NUMBER_OBJECT_CONVERSION = YES_AGGRESSIVE;
				CLANG_CXX_LANGUAGE_STANDARD = "gnu++20";
				CLANG_ENABLE_MODULES = YES;
				CLANG_ENABLE_OBJC_ARC = YES;
				CLANG_ENABLE_OBJC_WEAK = YES;
				CLANG_WARN_BLOCK_CAPTURE_AUTORELEASING = YES;
				CLANG_WARN_BOOL_CONVERSION = YES;
				CLANG_WARN_COMMA = YES;
				CLANG_WARN_CONSTANT_CONVERSION = YES;
				CLANG_WARN_DEPRECATED_OBJC_IMPLEMENTATIONS = YES;
				CLANG_WARN_DIRECT_OBJC_ISA_USAGE = YES_ERROR;
				CLANG_WARN_DOCUMENTATION_COMMENTS = YES;
				CLANG_WARN_EMPTY_BODY = YES;
				CLANG_WARN_ENUM_CONVERSION = YES;
				CLANG_WARN_INFINITE_RECURSION = YES;
				CLANG_WARN_INT_CONVERSION = YES;
				CLANG_WARN_NON_LITERAL_NULL_CONVERSION = YES;
				CLANG_WARN_OBJC_IMPLICIT_RETAIN_SELF = YES;
				CLANG_WARN_OBJC_LITERAL_CONVERSION = YES;
				CLANG_WARN_OBJC_ROOT_CLASS = YES_ERROR;
				CLANG_WARN_QUOTED_INCLUDE_IN_FRAMEWORK_HEADER = YES;
				CLANG_WARN_RANGE_LOOP_ANALYSIS = YES;
				CLANG_WARN_STRICT_PROTOTYPES = YES;
				CLANG_WARN_SUSPICIOUS_MOVE = YES;
				CLANG_WARN_UNGUARDED_AVAILABILITY = YES_AGGRESSIVE;
				CLANG_WARN_UNREACHABLE_CODE = YES;
				CLANG_WARN__DUPLICATE_METHOD_MATCH = YES;
				COPY_PHASE_STRIP = NO;
				DEBUG_INFORMATION_FORMAT = dwarf;
				ENABLE_STRICT_OBJC_MSGSEND = YES;
				ENABLE_TESTABILITY = YES;
				ENABLE_USER_SCRIPT_SANDBOXING = YES;
				GCC_C_LANGUAGE_STANDARD = gnu17;
				GCC_DYNAMIC_NO_PIC = NO;
				GCC_NO_COMMON_BLOCKS = YES;
				GCC_OPTIMIZATION_LEVEL = 0;
				GCC_PREPROCESSOR_DEFINITIONS = (
					"DEBUG=1",
					"$(inherited)",
				);
				GCC_WARN_64_TO_32_BIT_CONVERSION = YES;
				GCC_WARN_ABOUT_RETURN_TYPE = YES_ERROR;
				GCC_WARN_UNDECLARED_SELECTOR = YES;
				GCC_WARN_UNINITIALIZED_AUTOS = YES_AGGRESSIVE;
				GCC_WARN_UNUSED_FUNCTION = YES;
				GCC_WARN_UNUSED_VARIABLE = YES;
				IPHONEOS_DEPLOYMENT_TARGET = 17.0;
				LOCALIZATION_PREFERS_STRING_CATALOGS = YES;
				MTL_ENABLE_DEBUG_INFO = INCLUDE_SOURCE;
				MTL_FAST_MATH = YES;
				ONLY_ACTIVE_ARCH = YES;
				SDKROOT = iphoneos;
				SWIFT_ACTIVE_COMPILATION_CONDITIONS = "DEBUG $(inherited)";
				SWIFT_OPTIMIZATION_LEVEL = "-Onone";
			};
			name = Debug;
		};
		09FCA95B2B77D90B00DA5B92 /* Release */ = {
			isa = XCBuildConfiguration;
			buildSettings = {
				ALWAYS_SEARCH_USER_PATHS = NO;
				ASSETCATALOG_COMPILER_GENERATE_SWIFT_ASSET_SYMBOL_EXTENSIONS = YES;
				CLANG_ANALYZER_NONNULL = YES;
				CLANG_ANALYZER_NUMBER_OBJECT_CONVERSION = YES_AGGRESSIVE;
				CLANG_CXX_LANGUAGE_STANDARD = "gnu++20";
				CLANG_ENABLE_MODULES = YES;
				CLANG_ENABLE_OBJC_ARC = YES;
				CLANG_ENABLE_OBJC_WEAK = YES;
				CLANG_WARN_BLOCK_CAPTURE_AUTORELEASING = YES;
				CLANG_WARN_BOOL_CONVERSION = YES;
				CLANG_WARN_COMMA = YES;
				CLANG_WARN_CONSTANT_CONVERSION = YES;
				CLANG_WARN_DEPRECATED_OBJC_IMPLEMENTATIONS = YES;
				CLANG_WARN_DIRECT_OBJC_ISA_USAGE = YES_ERROR;
				CLANG_WARN_DOCUMENTATION_COMMENTS = YES;
				CLANG_WARN_EMPTY_BODY = YES;
				CLANG_WARN_ENUM_CONVERSION = YES;
				CLANG_WARN_INFINITE_RECURSION = YES;
				CLANG_WARN_INT_CONVERSION = YES;
				CLANG_WARN_NON_LITERAL_NULL_CONVERSION = YES;
				CLANG_WARN_OBJC_IMPLICIT_RETAIN_SELF = YES;
				CLANG_WARN_OBJC_LITERAL_CONVERSION = YES;
				CLANG_WARN_OBJC_ROOT_CLASS = YES_ERROR;
				CLANG_WARN_QUOTED_INCLUDE_IN_FRAMEWORK_HEADER = YES;
				CLANG_WARN_RANGE_LOOP_ANALYSIS = YES;
				CLANG_WARN_STRICT_PROTOTYPES = YES;
				CLANG_WARN_SUSPICIOUS_MOVE = YES;
				CLANG_WARN_UNGUARDED_AVAILABILITY = YES_AGGRESSIVE;
				CLANG_WARN_UNREACHABLE_CODE = YES;
				CLANG_WARN__DUPLICATE_METHOD_MATCH = YES;
				COPY_PHASE_STRIP = NO;
				DEBUG_INFORMATION_FORMAT = "dwarf-with-dsym";
				ENABLE_NS_ASSERTIONS = NO;
				ENABLE_STRICT_OBJC_MSGSEND = YES;
				ENABLE_USER_SCRIPT_SANDBOXING = YES;
				GCC_C_LANGUAGE_STANDARD = gnu17;
				GCC_NO_COMMON_BLOCKS = YES;
				GCC_WARN_64_TO_32_BIT_CONVERSION = YES;
				GCC_WARN_ABOUT_RETURN_TYPE = YES_ERROR;
				GCC_WARN_UNDECLARED_SELECTOR = YES;
				GCC_WARN_UNINITIALIZED_AUTOS = YES_AGGRESSIVE;
				GCC_WARN_UNUSED_FUNCTION = YES;
				GCC_WARN_UNUSED_VARIABLE = YES;
				IPHONEOS_DEPLOYMENT_TARGET = 17.0;
				LOCALIZATION_PREFERS_STRING_CATALOGS = YES;
				MTL_ENABLE_DEBUG_INFO = NO;
				MTL_FAST_MATH = YES;
				SDKROOT = iphoneos;
				SWIFT_COMPILATION_MODE = wholemodule;
				VALIDATE_PRODUCT = YES;
			};
			name = Release;
		};
		09FCA95D2B77D90B00DA5B92 /* Debug */ = {
			isa = XCBuildConfiguration;
			buildSettings = {
				ASSETCATALOG_COMPILER_APPICON_NAME = AppIcon;
				ASSETCATALOG_COMPILER_GLOBAL_ACCENT_COLOR_NAME = AccentColor;
				CODE_SIGN_STYLE = Automatic;
				CURRENT_PROJECT_VERSION = 1;
				DEVELOPMENT_TEAM = KS25A8MB4A;
				GENERATE_INFOPLIST_FILE = YES;
				INFOPLIST_FILE = GitHubPushDemo/Info.plist;
				INFOPLIST_KEY_UIApplicationSupportsIndirectInputEvents = YES;
				INFOPLIST_KEY_UILaunchStoryboardName = LaunchScreen;
				INFOPLIST_KEY_UIMainStoryboardFile = Main;
				INFOPLIST_KEY_UISupportedInterfaceOrientations_iPad = "UIInterfaceOrientationPortrait UIInterfaceOrientationPortraitUpsideDown UIInterfaceOrientationLandscapeLeft UIInterfaceOrientationLandscapeRight";
				INFOPLIST_KEY_UISupportedInterfaceOrientations_iPhone = "UIInterfaceOrientationPortrait UIInterfaceOrientationLandscapeLeft UIInterfaceOrientationLandscapeRight";
				LD_RUNPATH_SEARCH_PATHS = (
					"$(inherited)",
					"@executable_path/Frameworks",
				);
				MARKETING_VERSION = 1.0;
				PRODUCT_BUNDLE_IDENTIFIER = com.innominds.GitHubPushDemo;
				PRODUCT_NAME = "$(TARGET_NAME)";
				SWIFT_EMIT_LOC_STRINGS = YES;
				SWIFT_VERSION = 5.0;
				TARGETED_DEVICE_FAMILY = "1,2";
			};
			name = Debug;
		};
		09FCA95E2B77D90B00DA5B92 /* Release */ = {
			isa = XCBuildConfiguration;
			buildSettings = {
				ASSETCATALOG_COMPILER_APPICON_NAME = AppIcon;
				ASSETCATALOG_COMPILER_GLOBAL_ACCENT_COLOR_NAME = AccentColor;
				CODE_SIGN_STYLE = Automatic;
				CURRENT_PROJECT_VERSION = 1;
				DEVELOPMENT_TEAM = KS25A8MB4A;
				GENERATE_INFOPLIST_FILE = YES;
				INFOPLIST_FILE = GitHubPushDemo/Info.plist;
				INFOPLIST_KEY_UIApplicationSupportsIndirectInputEvents = YES;
				INFOPLIST_KEY_UILaunchStoryboardName = LaunchScreen;
				INFOPLIST_KEY_UIMainStoryboardFile = Main;
				INFOPLIST_KEY_UISupportedInterfaceOrientations_iPad = "UIInterfaceOrientationPortrait UIInterfaceOrientationPortraitUpsideDown UIInterfaceOrientationLandscapeLeft UIInterfaceOrientationLandscapeRight";
				INFOPLIST_KEY_UISupportedInterfaceOrientations_iPhone = "UIInterfaceOrientationPortrait UIInterfaceOrientationLandscapeLeft UIInterfaceOrientationLandscapeRight";
				LD_RUNPATH_SEARCH_PATHS = (
					"$(inherited)",
					"@executable_path/Frameworks",
				);
				MARKETING_VERSION = 1.0;
				PRODUCT_BUNDLE_IDENTIFIER = com.innominds.GitHubPushDemo;
				PRODUCT_NAME = "$(TARGET_NAME)";
				SWIFT_EMIT_LOC_STRINGS = YES;
				SWIFT_VERSION = 5.0;
				TARGETED_DEVICE_FAMILY = "1,2";
			};
			name = Release;
		};
		09FCA9602B77D90B00DA5B92 /* Debug */ = {
			isa = XCBuildConfiguration;
			buildSettings = {
				ALWAYS_EMBED_SWIFT_STANDARD_LIBRARIES = YES;
				BUNDLE_LOADER = "$(TEST_HOST)";
				CODE_SIGN_STYLE = Automatic;
				CURRENT_PROJECT_VERSION = 1;
				DEVELOPMENT_TEAM = KS25A8MB4A;
				GENERATE_INFOPLIST_FILE = YES;
				IPHONEOS_DEPLOYMENT_TARGET = 17.0;
				MARKETING_VERSION = 1.0;
				PRODUCT_BUNDLE_IDENTIFIER = com.innominds.GitHubPushDemoTests;
				PRODUCT_NAME = "$(TARGET_NAME)";
				SWIFT_EMIT_LOC_STRINGS = NO;
				SWIFT_VERSION = 5.0;
				TARGETED_DEVICE_FAMILY = "1,2";
				TEST_HOST = "$(BUILT_PRODUCTS_DIR)/GitHubPushDemo.app/$(BUNDLE_EXECUTABLE_FOLDER_PATH)/GitHubPushDemo";
			};
			name = Debug;
		};
		09FCA9612B77D90B00DA5B92 /* Release */ = {
			isa = XCBuildConfiguration;
			buildSettings = {
				ALWAYS_EMBED_SWIFT_STANDARD_LIBRARIES = YES;
				BUNDLE_LOADER = "$(TEST_HOST)";
				CODE_SIGN_STYLE = Automatic;
				CURRENT_PROJECT_VERSION = 1;
				DEVELOPMENT_TEAM = KS25A8MB4A;
				GENERATE_INFOPLIST_FILE = YES;
				IPHONEOS_DEPLOYMENT_TARGET = 17.0;
				MARKETING_VERSION = 1.0;
				PRODUCT_BUNDLE_IDENTIFIER = com.innominds.GitHubPushDemoTests;
				PRODUCT_NAME = "$(TARGET_NAME)";
				SWIFT_EMIT_LOC_STRINGS = NO;
				SWIFT_VERSION = 5.0;
				TARGETED_DEVICE_FAMILY = "1,2";
				TEST_HOST = "$(BUILT_PRODUCTS_DIR)/GitHubPushDemo.app/$(BUNDLE_EXECUTABLE_FOLDER_PATH)/GitHubPushDemo";
			};
			name = Release;
		};
		09FCA9632B77D90B00DA5B92 /* Debug */ = {
			isa = XCBuildConfiguration;
			buildSettings = {
				ALWAYS_EMBED_SWIFT_STANDARD_LIBRARIES = YES;
				CODE_SIGN_STYLE = Automatic;
				CURRENT_PROJECT_VERSION = 1;
				DEVELOPMENT_TEAM = KS25A8MB4A;
				GENERATE_INFOPLIST_FILE = YES;
				MARKETING_VERSION = 1.0;
				PRODUCT_BUNDLE_IDENTIFIER = com.innominds.GitHubPushDemoUITests;
				PRODUCT_NAME = "$(TARGET_NAME)";
				SWIFT_EMIT_LOC_STRINGS = NO;
				SWIFT_VERSION = 5.0;
				TARGETED_DEVICE_FAMILY = "1,2";
				TEST_TARGET_NAME = GitHubPushDemo;
			};
			name = Debug;
		};
		09FCA9642B77D90B00DA5B92 /* Release */ = {
			isa = XCBuildConfiguration;
			buildSettings = {
				ALWAYS_EMBED_SWIFT_STANDARD_LIBRARIES = YES;
				CODE_SIGN_STYLE = Automatic;
				CURRENT_PROJECT_VERSION = 1;
				DEVELOPMENT_TEAM = KS25A8MB4A;
				GENERATE_INFOPLIST_FILE = YES;
				MARKETING_VERSION = 1.0;
				PRODUCT_BUNDLE_IDENTIFIER = com.innominds.GitHubPushDemoUITests;
				PRODUCT_NAME = "$(TARGET_NAME)";
				SWIFT_EMIT_LOC_STRINGS = NO;
				SWIFT_VERSION = 5.0;
				TARGETED_DEVICE_FAMILY = "1,2";
				TEST_TARGET_NAME = GitHubPushDemo;
			};
			name = Release;
		};
/* End XCBuildConfiguration section */

/* Begin XCConfigurationList section */
		09FCA92D2B77D90500DA5B92 /* Build configuration list for PBXProject "GitHubPushDemo" */ = {
			isa = XCConfigurationList;
			buildConfigurations = (
				09FCA95A2B77D90B00DA5B92 /* Debug */,
				09FCA95B2B77D90B00DA5B92 /* Release */,
			);
			defaultConfigurationIsVisible = 0;
			defaultConfigurationName = Release;
		};
		09FCA95C2B77D90B00DA5B92 /* Build configuration list for PBXNativeTarget "GitHubPushDemo" */ = {
			isa = XCConfigurationList;
			buildConfigurations = (
				09FCA95D2B77D90B00DA5B92 /* Debug */,
				09FCA95E2B77D90B00DA5B92 /* Release */,
			);
			defaultConfigurationIsVisible = 0;
			defaultConfigurationName = Release;
		};
		09FCA95F2B77D90B00DA5B92 /* Build configuration list for PBXNativeTarget "GitHubPushDemoTests" */ = {
			isa = XCConfigurationList;
			buildConfigurations = (
				09FCA9602B77D90B00DA5B92 /* Debug */,
				09FCA9612B77D90B00DA5B92 /* Release */,
			);
			defaultConfigurationIsVisible = 0;
			defaultConfigurationName = Release;
		};
		09FCA9622B77D90B00DA5B92 /* Build configuration list for PBXNativeTarget "GitHubPushDemoUITests" */ = {
			isa = XCConfigurationList;
			buildConfigurations = (
				09FCA9632B77D90B00DA5B92 /* Debug */,
				09FCA9642B77D90B00DA5B92 /* Release */,
			);
			defaultConfigurationIsVisible = 0;
			defaultConfigurationName = Release;
		};
/* End XCConfigurationList section */
	};
	rootObject = 09FCA92A2B77D90500DA5B92 /* Project object */;
}
